PODS:
  - Default (3.0.0)
  - LoginServiceKit (2.5.0)
  - RxBlocking (6.8.0):
    - RxSwift (= 6.8.0)
  - RxCocoa (6.8.0):
    - RxRelay (= 6.8.0)
    - RxSwift (= 6.8.0)
  - RxRelay (6.8.0):
    - RxSwift (= 6.8.0)
  - RxSwift (6.8.0)
  - RxTest (6.8.0):
    - RxSwift (= 6.8.0)

DEPENDENCIES:
  - Default
  - LoginServiceKit (from `https://github.com/Clipy/LoginServiceKit.git`)
  - RxBlocking (~> 6.8.0)
  - RxCocoa (~> 6.8.0)
  - RxSwift (~> 6.8.0)
  - RxTest (~> 6.8.0)

SPEC REPOS:
  trunk:
    - Default
    - RxBlocking
    - RxCocoa
    - RxRelay
    - RxSwift
    - RxTest

EXTERNAL SOURCES:
  LoginServiceKit:
    :git: https://github.com/Clipy/LoginServiceKit.git

CHECKOUT OPTIONS:
  LoginServiceKit:
    :commit: ad922de0efe2384b561375d4d5344e1e932c116d
    :git: https://github.com/Clipy/LoginServiceKit.git

SPEC CHECKSUMS:
  Default: df6f5067d92a350e908125bf269a7317df86b3bb
  LoginServiceKit: 87c3d42ddb80d39ee8ea6b7a93f8c654ff58781b
  RxBlocking: a8b634fba6850913bc3df40bb73fd08b2dbf0f01
  RxCocoa: 2d33c1e1e5d66492052ad46b11024ae287572880
  RxRelay: 335c78b926a2aea8d863a6d25f1ed3b5ad8e8705
  RxSwift: 4e28be97cbcfeee614af26d83415febbf2bf6f45
  RxTest: d0fa1ec82feb41efa826a59173ec65eafbbe4aaf

PODFILE CHECKSUM: 43b0f54fc4bb77f676be7e22fd638c1e64b4ba86

COCOAPODS: 1.16.2
